lockfileVersion: 5.4

specifiers:
  '@types/react': ^18.0.6
  ittai: ^1.0.5

dependencies:
  '@types/react': 18.0.6
  ittai: 1.0.5

packages:

  /@react-spring/types/9.4.5:
    resolution: {integrity: sha512-mpRIamoHwql0ogxEUh9yr4TP0xU5CWyZxVQeccGkHHF8kPMErtDXJlxyo0lj+telRF35XNihtPTWoflqtyARmg==}
    dev: false

  /@types/prop-types/15.7.5:
    resolution: {integrity: sha512-JCB8C6SnDoQf0cNycqd/35A7MjcnK+ZTqE7judS6o7utxUCg6imJg3QK2qzHKszlTjcj2cn+NwMB2i96ubpj7w==}
    dev: false

  /@types/react-dom/17.0.17:
    resolution: {integrity: sha512-VjnqEmqGnasQKV0CWLevqMTXBYG9GbwuE6x3VetERLh0cq2LTptFE73MrQi2S7GkKXCf2GgwItB/melLnxfnsg==}
    dependencies:
      '@types/react': 17.0.47
    dev: false

  /@types/react/17.0.47:
    resolution: {integrity: sha512-mk0BL8zBinf2ozNr3qPnlu1oyVTYq+4V7WA76RgxUAtf0Em/Wbid38KN6n4abEkvO4xMTBWmnP1FtQzgkEiJoA==}
    dependencies:
      '@types/prop-types': 15.7.5
      '@types/scheduler': 0.16.2
      csstype: 3.1.0
    dev: false

  /@types/react/18.0.6:
    resolution: {integrity: sha512-bPqwzJRzKtfI0mVYr5R+1o9BOE8UEXefwc1LwcBtfnaAn6OoqMhLa/91VA8aeWfDPJt1kHvYKI8RHcQybZLHHA==}
    dependencies:
      '@types/prop-types': 15.7.5
      '@types/scheduler': 0.16.2
      csstype: 3.0.11
    dev: false

  /@types/scheduler/0.16.2:
    resolution: {integrity: sha512-hppQEBDmlwhFAXKJX2KnWLYu5yMfi91yazPb2l+lbJiwW+wdo1gNeRA+3RgNSO39WYX2euey41KEwnqesU2Jew==}
    dev: false

  /csstype/3.0.11:
    resolution: {integrity: sha512-sa6P2wJ+CAbgyy4KFssIb/JNMLxFvKF1pCYCSXS8ZMuqZnMsrxqI2E5sPyoTpxoPU/gVZMzr2zjOfg8GIZOMsw==}
    dev: false

  /csstype/3.1.0:
    resolution: {integrity: sha512-uX1KG+x9h5hIJsaKR9xHUeUraxf8IODOwq9JLNPq6BwB04a/xgpq3rcx47l5BZu5zBPlgD342tdke3Hom/nJRA==}
    dev: false

  /ittai/1.0.5:
    resolution: {integrity: sha512-Zrx4+3ZKtUHohhP1n0rhriXEq8D6tuJWV0NshBv6kECwj0d7rg3ZjW983pp01f0jEVrhU9gj9l35qmVoxAzCYg==}
    dependencies:
      '@react-spring/types': 9.4.5
      '@types/react': 17.0.47
      '@types/react-dom': 17.0.17
    dev: false
